
Microsoft Visual Studio Solution File, Format Version 12.00
# Visual Studio Version 17
VisualStudioVersion = 17.1.32319.34
MinimumVisualStudioVersion = 10.0.40219.1
Project("{FAE04EC0-301F-11D3-BF4B-00C04F79EFBC}") = "TallerHugo2", "TallerHugo2.csproj", "{5F92D93C-67A3-4B71-B8FC-D1E4B0B81D6F}"
EndProject
Global
	GlobalSection(SolutionConfigurationPlatforms) = preSolution
		Debug|Any CPU = Debug|Any CPU
		Release|Any CPU = Release|Any CPU
	EndGlobalSection
	GlobalSection(ProjectConfigurationPlatforms) = postSolution
		{5F92D93C-67A3-4B71-B8FC-D1E4B0B81D6F}.Debug|Any CPU.ActiveCfg = Debug|Any CPU
		{5F92D93C-67A3-4B71-B8FC-D1E4B0B81D6F}.Debug|Any CPU.Build.0 = Debug|Any CPU
		{5F92D93C-67A3-4B71-B8FC-D1E4B0B81D6F}.Release|Any CPU.ActiveCfg = Release|Any CPU
		{5F92D93C-67A3-4B71-B8FC-D1E4B0B81D6F}.Release|Any CPU.Build.0 = Release|Any CPU
	EndGlobalSection
	GlobalSection(SolutionProperties) = preSolution
		HideSolutionNode = FALSE
	EndGlobalSection
	GlobalSection(ExtensibilityGlobals) = postSolution
		SolutionGuid = {F02684A6-4495-4B60-8536-B79374ABBA2C}
	EndGlobalSection
EndGlobal
